<?xml version="1.0" encoding="utf-8"?>
<Project ToolsVersion="4.0" xmlns="http://schemas.microsoft.com/developer/msbuild/2003">
  <ItemGroup>
    <Filter Include="Source Files">
      <UniqueIdentifier>{4FC737F1-C7A5-4376-A066-2A32D752A2FF}</UniqueIdentifier>
      <Extensions>cpp;c;cc;cxx;c++;cppm;ixx;def;odl;idl;hpj;bat;asm;asmx</Extensions>
    </Filter>
    <Filter Include="Header Files">
      <UniqueIdentifier>{93995380-89BD-4b04-88EB-625FBE52EBFB}</UniqueIdentifier>
      <Extensions>h;hh;hpp;hxx;h++;hm;inl;inc;ipp;xsd</Extensions>
    </Filter>
    <Filter Include="Resource Files">
      <UniqueIdentifier>{67DA6AB6-F800-4c08-8B7A-83BB121AAD01}</UniqueIdentifier>
      <Extensions>rc;ico;cur;bmp;dlg;rc2;rct;bin;rgs;gif;jpg;jpeg;jpe;resx;tiff;tif;png;wav;mfcribbon-ms</Extensions>
    </Filter>
    <Filter Include="Header Files\clients">
      <UniqueIdentifier>{3ac1ef18-f260-4f07-b98a-b55fe90d9eed}</UniqueIdentifier>
    </Filter>
    <Filter Include="Header Files\users">
      <UniqueIdentifier>{e33f4749-449d-4ee6-a0d9-7279943141b5}</UniqueIdentifier>
    </Filter>
  </ItemGroup>
  <ItemGroup>
    <ClCompile Include="main.cpp">
      <Filter>Source Files</Filter>
    </ClCompile>
  </ItemGroup>
  <ItemGroup>
    <ClInclude Include="global.h">
      <Filter>Header Files</Filter>
    </ClInclude>
    <ClInclude Include="transactions.h">
      <Filter>Header Files</Filter>
    </ClInclude>
    <ClInclude Include="addclient.h">
      <Filter>Header Files\clients</Filter>
    </ClInclude>
    <ClInclude Include="deleteclient.h">
      <Filter>Header Files\clients</Filter>
    </ClInclude>
    <ClInclude Include="findclient.h">
      <Filter>Header Files\clients</Filter>
    </ClInclude>
    <ClInclude Include="showclientlist.h">
      <Filter>Header Files\clients</Filter>
    </ClInclude>
    <ClInclude Include="updateclient.h">
      <Filter>Header Files\clients</Filter>
    </ClInclude>
    <ClInclude Include="login.h">
      <Filter>Header Files\users</Filter>
    </ClInclude>
    <ClInclude Include="manageusers.h">
      <Filter>Header Files\users</Filter>
    </ClInclude>
    <ClInclude Include="adduser.h">
      <Filter>Header Files\users</Filter>
    </ClInclude>
    <ClInclude Include="deleteuser.h">
      <Filter>Header Files\users</Filter>
    </ClInclude>
    <ClInclude Include="updateuser.h">
      <Filter>Header Files\users</Filter>
    </ClInclude>
    <ClInclude Include="finduser.h">
      <Filter>Header Files\users</Filter>
    </ClInclude>
  </ItemGroup>
</Project>